
Microsoft Visual Studio Solution File, Format Version 12.00
# Visual Studio 15
VisualStudioVersion = 15.0.26124.0
MinimumVisualStudioVersion = 15.0.26124.0
Project("{FAE04EC0-301F-11D3-BF4B-00C04F79EFBC}") = "Calq.Client", "Calq.Client\Calq.Client.csproj", "{CA4C6B79-688F-4F3F-BDC2-3F16F1889A91}"
EndProject
Project("{FAE04EC0-301F-11D3-BF4B-00C04F79EFBC}") = "Calq.ClientTest", "Calq.ClientTest\Calq.ClientTest.csproj", "{482923D1-55EA-4AD9-B850-ED5CC590A44B}"
EndProject
Global
	GlobalSection(SolutionConfigurationPlatforms) = preSolution
		Debug|Any CPU = Debug|Any CPU
		Debug|x64 = Debug|x64
		Debug|x86 = Debug|x86
		Release|Any CPU = Release|Any CPU
		Release|x64 = Release|x64
		Release|x86 = Release|x86
	EndGlobalSection
	GlobalSection(SolutionProperties) = preSolution
		HideSolutionNode = FALSE
	EndGlobalSection
	GlobalSection(ProjectConfigurationPlatforms) = postSolution
		{CA4C6B79-688F-4F3F-BDC2-3F16F1889A91}.Debug|Any CPU.ActiveCfg = Debug|Any CPU
		{CA4C6B79-688F-4F3F-BDC2-3F16F1889A91}.Debug|Any CPU.Build.0 = Debug|Any CPU
		{CA4C6B79-688F-4F3F-BDC2-3F16F1889A91}.Debug|x64.ActiveCfg = Debug|Any CPU
		{CA4C6B79-688F-4F3F-BDC2-3F16F1889A91}.Debug|x64.Build.0 = Debug|Any CPU
		{CA4C6B79-688F-4F3F-BDC2-3F16F1889A91}.Debug|x86.ActiveCfg = Debug|Any CPU
		{CA4C6B79-688F-4F3F-BDC2-3F16F1889A91}.Debug|x86.Build.0 = Debug|Any CPU
		{CA4C6B79-688F-4F3F-BDC2-3F16F1889A91}.Release|Any CPU.ActiveCfg = Release|Any CPU
		{CA4C6B79-688F-4F3F-BDC2-3F16F1889A91}.Release|Any CPU.Build.0 = Release|Any CPU
		{CA4C6B79-688F-4F3F-BDC2-3F16F1889A91}.Release|x64.ActiveCfg = Release|Any CPU
		{CA4C6B79-688F-4F3F-BDC2-3F16F1889A91}.Release|x64.Build.0 = Release|Any CPU
		{CA4C6B79-688F-4F3F-BDC2-3F16F1889A91}.Release|x86.ActiveCfg = Release|Any CPU
		{CA4C6B79-688F-4F3F-BDC2-3F16F1889A91}.Release|x86.Build.0 = Release|Any CPU
		{482923D1-55EA-4AD9-B850-ED5CC590A44B}.Debug|Any CPU.ActiveCfg = Debug|Any CPU
		{482923D1-55EA-4AD9-B850-ED5CC590A44B}.Debug|Any CPU.Build.0 = Debug|Any CPU
		{482923D1-55EA-4AD9-B850-ED5CC590A44B}.Debug|x64.ActiveCfg = Debug|Any CPU
		{482923D1-55EA-4AD9-B850-ED5CC590A44B}.Debug|x64.Build.0 = Debug|Any CPU
		{482923D1-55EA-4AD9-B850-ED5CC590A44B}.Debug|x86.ActiveCfg = Debug|Any CPU
		{482923D1-55EA-4AD9-B850-ED5CC590A44B}.Debug|x86.Build.0 = Debug|Any CPU
		{482923D1-55EA-4AD9-B850-ED5CC590A44B}.Release|Any CPU.ActiveCfg = Release|Any CPU
		{482923D1-55EA-4AD9-B850-ED5CC590A44B}.Release|Any CPU.Build.0 = Release|Any CPU
		{482923D1-55EA-4AD9-B850-ED5CC590A44B}.Release|x64.ActiveCfg = Release|Any CPU
		{482923D1-55EA-4AD9-B850-ED5CC590A44B}.Release|x64.Build.0 = Release|Any CPU
		{482923D1-55EA-4AD9-B850-ED5CC590A44B}.Release|x86.ActiveCfg = Release|Any CPU
		{482923D1-55EA-4AD9-B850-ED5CC590A44B}.Release|x86.Build.0 = Release|Any CPU
	EndGlobalSection
EndGlobal
